// !$*UTF8*$!
{
	archiveVersion = 1;
	classes = {
	};
	objectVersion = 50;
	objects = {

/* Begin PBXBuildFile section */
		091576FD24889A6C0059E836 /* weather.swift in Sources */ = {isa = PBXBuildFile; fileRef = 091576FC24889A6C0059E836 /* weather.swift */; };
		091576FF24889B240059E836 /* SecondCollectionViewCell.swift in Sources */ = {isa = PBXBuildFile; fileRef = 091576FE24889B240059E836 /* SecondCollectionViewCell.swift */; };
		0915C244247FA0E500C4A356 /* Foody.swift in Sources */ = {isa = PBXBuildFile; fileRef = 0915C243247FA0E500C4A356 /* Foody.swift */; };
		0915C246247FA12500C4A356 /* MyCollectionViewCell.swift in Sources */ = {isa = PBXBuildFile; fileRef = 0915C245247FA12500C4A356 /* MyCollectionViewCell.swift */; };
		09783FEA247E70500030FFD8 /* AppDelegate.swift in Sources */ = {isa = PBXBuildFile; fileRef = 09783FE9247E70500030FFD8 /* AppDelegate.swift */; };
		09783FEC247E70500030FFD8 /* SceneDelegate.swift in Sources */ = {isa = PBXBuildFile; fileRef = 09783FEB247E70500030FFD8 /* SceneDelegate.swift */; };
		09783FEE247E70500030FFD8 /* ViewController.swift in Sources */ = {isa = PBXBuildFile; fileRef = 09783FED247E70500030FFD8 /* ViewController.swift */; };
		09783FF1247E70510030FFD8 /* Main.storyboard in Resources */ = {isa = PBXBuildFile; fileRef = 09783FEF247E70510030FFD8 /* Main.storyboard */; };
		09783FF3247E70560030FFD8 /* Assets.xcassets in Resources */ = {isa = PBXBuildFile; fileRef = 09783FF2247E70560030FFD8 /* Assets.xcassets */; };
		09783FF6247E70560030FFD8 /* LaunchScreen.storyboard in Resources */ = {isa = PBXBuildFile; fileRef = 09783FF4247E70560030FFD8 /* LaunchScreen.storyboard */; };
/* End PBXBuildFile section */

/* Begin PBXFileReference section */
		091576FC24889A6C0059E836 /* weather.swift */ = {isa = PBXFileReference; lastKnownFileType = sourcecode.swift; path = weather.swift; sourceTree = "<group>"; };
		091576FE24889B240059E836 /* SecondCollectionViewCell.swift */ = {isa = PBXFileReference; lastKnownFileType = sourcecode.swift; path = SecondCollectionViewCell.swift; sourceTree = "<group>"; };
		0915C243247FA0E500C4A356 /* Foody.swift */ = {isa = PBXFileReference; lastKnownFileType = sourcecode.swift; path = Foody.swift; sourceTree = "<group>"; };
		0915C245247FA12500C4A356 /* MyCollectionViewCell.swift */ = {isa = PBXFileReference; lastKnownFileType = sourcecode.swift; path = MyCollectionViewCell.swift; sourceTree = "<group>"; };
		09783FE6247E70500030FFD8 /* WeatherCollectionView.app */ = {isa = PBXFileReference; explicitFileType = wrapper.application; includeInIndex = 0; path = WeatherCollectionView.app; sourceTree = BUILT_PRODUCTS_DIR; };
		09783FE9247E70500030FFD8 /* AppDelegate.swift */ = {isa = PBXFileReference; lastKnownFileType = sourcecode.swift; path = AppDelegate.swift; sourceTree = "<group>"; };
		09783FEB247E70500030FFD8 /* SceneDelegate.swift */ = {isa = PBXFileReference; lastKnownFileType = sourcecode.swift; path = SceneDelegate.swift; sourceTree = "<group>"; };
		09783FED247E70500030FFD8 /* ViewController.swift */ = {isa = PBXFileReference; lastKnownFileType = sourcecode.swift; path = ViewController.swift; sourceTree = "<group>"; };
		09783FF0247E70510030FFD8 /* Base */ = {isa = PBXFileReference; lastKnownFileType = file.storyboard; name = Base; path = Base.lproj/Main.storyboard; sourceTree = "<group>"; };
		09783FF2247E70560030FFD8 /* Assets.xcassets */ = {isa = PBXFileReference; lastKnownFileType = folder.assetcatalog; path = Assets.xcassets; sourceTree = "<group>"; };
		09783FF5247E70560030FFD8 /* Base */ = {isa = PBXFileReference; lastKnownFileType = file.storyboard; name = Base; path = Base.lproj/LaunchScreen.storyboard; sourceTree = "<group>"; };
		09783FF7247E70560030FFD8 /* Info.plist */ = {isa = PBXFileReference; lastKnownFileType = text.plist.xml; path = Info.plist; sourceTree = "<group>"; };
/* End PBXFileReference section */

/* Begin PBXFrameworksBuildPhase section */
		09783FE3247E70500030FFD8 /* Frameworks */ = {
			isa = PBXFrameworksBuildPhase;
			buildActionMask = 2147483647;
			files = (
			);
			runOnlyForDeploymentPostprocessing = 0;
		};
/* End PBXFrameworksBuildPhase section */

/* Begin PBXGroup section */
		09783FDD247E70500030FFD8 = {
			isa = PBXGroup;
			children = (
				09783FE8247E70500030FFD8 /* WeatherCollectionView */,
				09783FE7247E70500030FFD8 /* Products */,
			);
			sourceTree = "<group>";
		};
		09783FE7247E70500030FFD8 /* Products */ = {
			isa = PBXGroup;
			children = (
				09783FE6247E70500030FFD8 /* WeatherCollectionView.app */,
			);
			name = Products;
			sourceTree = "<group>";
		};
		09783FE8247E70500030FFD8 /* WeatherCollectionView */ = {
			isa = PBXGroup;
			children = (
				09783FE9247E70500030FFD8 /* AppDelegate.swift */,
				09783FEB247E70500030FFD8 /* SceneDelegate.swift */,
				09783FED247E70500030FFD8 /* ViewController.swift */,
				0915C245247FA12500C4A356 /* MyCollectionViewCell.swift */,
				091576FE24889B240059E836 /* SecondCollectionViewCell.swift */,
				0915C243247FA0E500C4A356 /* Foody.swift */,
				091576FC24889A6C0059E836 /* weather.swift */,
				09783FEF247E70510030FFD8 /* Main.storyboard */,
				09783FF2247E70560030FFD8 /* Assets.xcassets */,
				09783FF4247E70560030FFD8 /* LaunchScreen.storyboard */,
				09783FF7247E70560030FFD8 /* Info.plist */,
			);
			path = WeatherCollectionView;
			sourceTree = "<group>";
		};
/* End PBXGroup section */

/* Begin PBXNativeTarget section */
		09783FE5247E70500030FFD8 /* WeatherCollectionView */ = {
			isa = PBXNativeTarget;
			buildConfigurationList = 09783FFA247E70560030FFD8 /* Build configuration list for PBXNativeTarget "WeatherCollectionView" */;
			buildPhases = (
				09783FE2247E70500030FFD8 /* Sources */,
				09783FE3247E70500030FFD8 /* Frameworks */,
				09783FE4247E70500030FFD8 /* Resources */,
			);
			buildRules = (
			);
			dependencies = (
			);
			name = WeatherCollectionView;
			productName = WeatherCollectionView;
			productReference = 09783FE6247E70500030FFD8 /* WeatherCollectionView.app */;
			productType = "com.apple.product-type.application";
		};
/* End PBXNativeTarget section */

/* Begin PBXProject section */
		09783FDE247E70500030FFD8 /* Project object */ = {
			isa = PBXProject;
			attributes = {
				LastSwiftUpdateCheck = 1130;
				LastUpgradeCheck = 1130;
				ORGANIZATIONNAME = guntex01;
				TargetAttributes = {
					09783FE5247E70500030FFD8 = {
						CreatedOnToolsVersion = 11.3;
					};
				};
			};
			buildConfigurationList = 09783FE1247E70500030FFD8 /* Build configuration list for PBXProject "WeatherCollectionView" */;
			compatibilityVersion = "Xcode 9.3";
			developmentRegion = en;
			hasScannedForEncodings = 0;
			knownRegions = (
				en,
				Base,
			);
			mainGroup = 09783FDD247E70500030FFD8;
			productRefGroup = 09783FE7247E70500030FFD8 /* Products */;
			projectDirPath = "";
			projectRoot = "";
			targets = (
				09783FE5247E70500030FFD8 /* WeatherCollectionView */,
			);
		};
/* End PBXProject section */

/* Begin PBXResourcesBuildPhase section */
		09783FE4247E70500030FFD8 /* Resources */ = {
			isa = PBXResourcesBuildPhase;
			buildActionMask = 2147483647;
			files = (
				09783FF6247E70560030FFD8 /* LaunchScreen.storyboard in Resources */,
				09783FF3247E70560030FFD8 /* Assets.xcassets in Resources */,
				09783FF1247E70510030FFD8 /* Main.storyboard in Resources */,
			);
			runOnlyForDeploymentPostprocessing = 0;
		};
/* End PBXResourcesBuildPhase section */

/* Begin PBXSourcesBuildPhase section */
		09783FE2247E70500030FFD8 /* Sources */ = {
			isa = PBXSourcesBuildPhase;
			buildActionMask = 2147483647;
			files = (
				091576FF24889B240059E836 /* SecondCollectionViewCell.swift in Sources */,
				09783FEE247E70500030FFD8 /* ViewController.swift in Sources */,
				09783FEA247E70500030FFD8 /* AppDelegate.swift in Sources */,
				091576FD24889A6C0059E836 /* weather.swift in Sources */,
				0915C246247FA12500C4A356 /* MyCollectionViewCell.swift in Sources */,
				09783FEC247E70500030FFD8 /* SceneDelegate.swift in Sources */,
				0915C244247FA0E500C4A356 /* Foody.swift in Sources */,
			);
			runOnlyForDeploymentPostprocessing = 0;
		};
/* End PBXSourcesBuildPhase section */

/* Begin PBXVariantGroup section */
		09783FEF247E70510030FFD8 /* Main.storyboard */ = {
			isa = PBXVariantGroup;
			children = (
				09783FF0247E70510030FFD8 /* Base */,
			);
			name = Main.storyboard;
			sourceTree = "<group>";
		};
		09783FF4247E70560030FFD8 /* LaunchScreen.storyboard */ = {
			isa = PBXVariantGroup;
			children = (
				09783FF5247E70560030FFD8 /* Base */,
			);
			name = LaunchScreen.storyboard;
			sourceTree = "<group>";
		};
/* End PBXVariantGroup section */

/* Begin XCBuildConfiguration section */
		09783FF8247E70560030FFD8 /* Debug */ = {
			isa = XCBuildConfiguration;
			buildSettings = {
				ALWAYS_SEARCH_USER_PATHS = NO;
				CLANG_ANALYZER_NONNULL = YES;
				CLANG_ANALYZER_NUMBER_OBJECT_CONVERSION = YES_AGGRESSIVE;
				CLANG_CXX_LANGUAGE_STANDARD = "gnu++14";
				CLANG_CXX_LIBRARY = "libc++";
				CLANG_ENABLE_MODULES = YES;
				CLANG_ENABLE_OBJC_ARC = YES;
				CLANG_ENABLE_OBJC_WEAK = YES;
				CLANG_WARN_BLOCK_CAPTURE_AUTORELEASING = YES;
				CLANG_WARN_BOOL_CONVERSION = YES;
				CLANG_WARN_COMMA = YES;
				CLANG_WARN_CONSTANT_CONVERSION = YES;
				CLANG_WARN_DEPRECATED_OBJC_IMPLEMENTATIONS = YES;
				CLANG_WARN_DIRECT_OBJC_ISA_USAGE = YES_ERROR;
				CLANG_WARN_DOCUMENTATION_COMMENTS = YES;
				CLANG_WARN_EMPTY_BODY = YES;
				CLANG_WARN_ENUM_CONVERSION = YES;
				CLANG_WARN_INFINITE_RECURSION = YES;
				CLANG_WARN_INT_CONVERSION = YES;
				CLANG_WARN_NON_LITERAL_NULL_CONVERSION = YES;
				CLANG_WARN_OBJC_IMPLICIT_RETAIN_SELF = YES;
				CLANG_WARN_OBJC_LITERAL_CONVERSION = YES;
				CLANG_WARN_OBJC_ROOT_CLASS = YES_ERROR;
				CLANG_WARN_RANGE_LOOP_ANALYSIS = YES;
				CLANG_WARN_STRICT_PROTOTYPES = YES;
				CLANG_WARN_SUSPICIOUS_MOVE = YES;
				CLANG_WARN_UNGUARDED_AVAILABILITY = YES_AGGRESSIVE;
				CLANG_WARN_UNREACHABLE_CODE = YES;
				CLANG_WARN__DUPLICATE_METHOD_MATCH = YES;
				COPY_PHASE_STRIP = NO;
				DEBUG_INFORMATION_FORMAT = dwarf;
				ENABLE_STRICT_OBJC_MSGSEND = YES;
				ENABLE_TESTABILITY = YES;
				GCC_C_LANGUAGE_STANDARD = gnu11;
				GCC_DYNAMIC_NO_PIC = NO;
				GCC_NO_COMMON_BLOCKS = YES;
				GCC_OPTIMIZATION_LEVEL = 0;
				GCC_PREPROCESSOR_DEFINITIONS = (
					"DEBUG=1",
					"$(inherited)",
				);
				GCC_WARN_64_TO_32_BIT_CONVERSION = YES;
				GCC_WARN_ABOUT_RETURN_TYPE = YES_ERROR;
				GCC_WARN_UNDECLARED_SELECTOR = YES;
				GCC_WARN_UNINITIALIZED_AUTOS = YES_AGGRESSIVE;
				GCC_WARN_UNUSED_FUNCTION = YES;
				GCC_WARN_UNUSED_VARIABLE = YES;
				IPHONEOS_DEPLOYMENT_TARGET = 13.2;
				MTL_ENABLE_DEBUG_INFO = INCLUDE_SOURCE;
				MTL_FAST_MATH = YES;
				ONLY_ACTIVE_ARCH = YES;
				SDKROOT = iphoneos;
				SWIFT_ACTIVE_COMPILATION_CONDITIONS = DEBUG;
				SWIFT_OPTIMIZATION_LEVEL = "-Onone";
			};
			name = Debug;
		};
		09783FF9247E70560030FFD8 /* Release */ = {
			isa = XCBuildConfiguration;
			buildSettings = {
				ALWAYS_SEARCH_USER_PATHS = NO;
				CLANG_ANALYZER_NONNULL = YES;
				CLANG_ANALYZER_NUMBER_OBJECT_CONVERSION = YES_AGGRESSIVE;
				CLANG_CXX_LANGUAGE_STANDARD = "gnu++14";
				CLANG_CXX_LIBRARY = "libc++";
				CLANG_ENABLE_MODULES = YES;
				CLANG_ENABLE_OBJC_ARC = YES;
				CLANG_ENABLE_OBJC_WEAK = YES;
				CLANG_WARN_BLOCK_CAPTURE_AUTORELEASING = YES;
				CLANG_WARN_BOOL_CONVERSION = YES;
				CLANG_WARN_COMMA = YES;
				CLANG_WARN_CONSTANT_CONVERSION = YES;
				CLANG_WARN_DEPRECATED_OBJC_IMPLEMENTATIONS = YES;
				CLANG_WARN_DIRECT_OBJC_ISA_USAGE = YES_ERROR;
				CLANG_WARN_DOCUMENTATION_COMMENTS = YES;
				CLANG_WARN_EMPTY_BODY = YES;
				CLANG_WARN_ENUM_CONVERSION = YES;
				CLANG_WARN_INFINITE_RECURSION = YES;
				CLANG_WARN_INT_CONVERSION = YES;
				CLANG_WARN_NON_LITERAL_NULL_CONVERSION = YES;
				CLANG_WARN_OBJC_IMPLICIT_RETAIN_SELF = YES;
				CLANG_WARN_OBJC_LITERAL_CONVERSION = YES;
				CLANG_WARN_OBJC_ROOT_CLASS = YES_ERROR;
				CLANG_WARN_RANGE_LOOP_ANALYSIS = YES;
				CLANG_WARN_STRICT_PROTOTYPES = YES;
				CLANG_WARN_SUSPICIOUS_MOVE = YES;
				CLANG_WARN_UNGUARDED_AVAILABILITY = YES_AGGRESSIVE;
				CLANG_WARN_UNREACHABLE_CODE = YES;
				CLANG_WARN__DUPLICATE_METHOD_MATCH = YES;
				COPY_PHASE_STRIP = NO;
				DEBUG_INFORMATION_FORMAT = "dwarf-with-dsym";
				ENABLE_NS_ASSERTIONS = NO;
				ENABLE_STRICT_OBJC_MSGSEND = YES;
				GCC_C_LANGUAGE_STANDARD = gnu11;
				GCC_NO_COMMON_BLOCKS = YES;
				GCC_WARN_64_TO_32_BIT_CONVERSION = YES;
				GCC_WARN_ABOUT_RETURN_TYPE = YES_ERROR;
				GCC_WARN_UNDECLARED_SELECTOR = YES;
				GCC_WARN_UNINITIALIZED_AUTOS = YES_AGGRESSIVE;
				GCC_WARN_UNUSED_FUNCTION = YES;
				GCC_WARN_UNUSED_VARIABLE = YES;
				IPHONEOS_DEPLOYMENT_TARGET = 13.2;
				MTL_ENABLE_DEBUG_INFO = NO;
				MTL_FAST_MATH = YES;
				SDKROOT = iphoneos;
				SWIFT_COMPILATION_MODE = wholemodule;
				SWIFT_OPTIMIZATION_LEVEL = "-O";
				VALIDATE_PRODUCT = YES;
			};
			name = Release;
		};
		09783FFB247E70560030FFD8 /* Debug */ = {
			isa = XCBuildConfiguration;
			buildSettings = {
				ASSETCATALOG_COMPILER_APPICON_NAME = AppIcon;
				CODE_SIGN_STYLE = Automatic;
				INFOPLIST_FILE = WeatherCollectionView/Info.plist;
				LD_RUNPATH_SEARCH_PATHS = (
					"$(inherited)",
					"@executable_path/Frameworks",
				);
				PRODUCT_BUNDLE_IDENTIFIER = com.kietmk.WeatherCollectionView;
				PRODUCT_NAME = "$(TARGET_NAME)";
				SWIFT_VERSION = 5.0;
				TARGETED_DEVICE_FAMILY = "1,2";
			};
			name = Debug;
		};
		09783FFC247E70560030FFD8 /* Release */ = {
			isa = XCBuildConfiguration;
			buildSettings = {
				ASSETCATALOG_COMPILER_APPICON_NAME = AppIcon;
				CODE_SIGN_STYLE = Automatic;
				INFOPLIST_FILE = WeatherCollectionView/Info.plist;
				LD_RUNPATH_SEARCH_PATHS = (
					"$(inherited)",
					"@executable_path/Frameworks",
				);
				PRODUCT_BUNDLE_IDENTIFIER = com.kietmk.WeatherCollectionView;
				PRODUCT_NAME = "$(TARGET_NAME)";
				SWIFT_VERSION = 5.0;
				TARGETED_DEVICE_FAMILY = "1,2";
			};
			name = Release;
		};
/* End XCBuildConfiguration section */

/* Begin XCConfigurationList section */
		09783FE1247E70500030FFD8 /* Build configuration list for PBXProject "WeatherCollectionView" */ = {
			isa = XCConfigurationList;
			buildConfigurations = (
				09783FF8247E70560030FFD8 /* Debug */,
				09783FF9247E70560030FFD8 /* Release */,
			);
			defaultConfigurationIsVisible = 0;
			defaultConfigurationName = Release;
		};
		09783FFA247E70560030FFD8 /* Build configuration list for PBXNativeTarget "WeatherCollectionView" */ = {
			isa = XCConfigurationList;
			buildConfigurations = (
				09783FFB247E70560030FFD8 /* Debug */,
				09783FFC247E70560030FFD8 /* Release */,
			);
			defaultConfigurationIsVisible = 0;
			defaultConfigurationName = Release;
		};
/* End XCConfigurationList section */
	};
	rootObject = 09783FDE247E70500030FFD8 /* Project object */;
}
